
Microsoft Visual Studio Solution File, Format Version 12.00
# Visual Studio Version 16
VisualStudioVersion = 16.0.33529.622
MinimumVisualStudioVersion = 10.0.40219.1
Project("{FAE04EC0-301F-11D3-BF4B-00C04F79EFBC}") = "CarInsurance", "CarInsurance.csproj", "{A825DD54-B3DC-4774-B6E3-3C58DA62D2E8}"
EndProject
Global
	GlobalSection(SolutionConfigurationPlatforms) = preSolution
		Debug|Any CPU = Debug|Any CPU
		Release|Any CPU = Release|Any CPU
	EndGlobalSection
	GlobalSection(ProjectConfigurationPlatforms) = postSolution
		{A825DD54-B3DC-4774-B6E3-3C58DA62D2E8}.Debug|Any CPU.ActiveCfg = Debug|Any CPU
		{A825DD54-B3DC-4774-B6E3-3C58DA62D2E8}.Debug|Any CPU.Build.0 = Debug|Any CPU
		{A825DD54-B3DC-4774-B6E3-3C58DA62D2E8}.Release|Any CPU.ActiveCfg = Release|Any CPU
		{A825DD54-B3DC-4774-B6E3-3C58DA62D2E8}.Release|Any CPU.Build.0 = Release|Any CPU
	EndGlobalSection
	GlobalSection(SolutionProperties) = preSolution
		HideSolutionNode = FALSE
	EndGlobalSection
	GlobalSection(ExtensibilityGlobals) = postSolution
		SolutionGuid = {659B658C-ADF2-49B7-9371-866F42026190}
	EndGlobalSection
EndGlobal
